// !$*UTF8*$!
{
	archiveVersion = 1;
	classes = {
	};
	objectVersion = 50;
	objects = {

/* Begin PBXBuildFile section */
		DB0DEF9421F03EFC00FC7A18 /* Advertiser.swift in Sources */ = {isa = PBXBuildFile; fileRef = DB0DEF9321F03EFC00FC7A18 /* Advertiser.swift */; };
		DB1676B421CE0F30007D5A15 /* User.swift in Sources */ = {isa = PBXBuildFile; fileRef = DB1676B321CE0F30007D5A15 /* User.swift */; };
		DB48EBC021DDC6FD00C1B920 /* CardViewModel.swift in Sources */ = {isa = PBXBuildFile; fileRef = DB48EBBF21DDC6FD00C1B920 /* CardViewModel.swift */; };
		DBF3FB2C21C9FF0D00D01F21 /* AppDelegate.swift in Sources */ = {isa = PBXBuildFile; fileRef = DBF3FB2B21C9FF0D00D01F21 /* AppDelegate.swift */; };
		DBF3FB2E21C9FF0D00D01F21 /* HomeController.swift in Sources */ = {isa = PBXBuildFile; fileRef = DBF3FB2D21C9FF0D00D01F21 /* HomeController.swift */; };
		DBF3FB3121C9FF0D00D01F21 /* Main.storyboard in Resources */ = {isa = PBXBuildFile; fileRef = DBF3FB2F21C9FF0D00D01F21 /* Main.storyboard */; };
		DBF3FB3321C9FF0F00D01F21 /* Assets.xcassets in Resources */ = {isa = PBXBuildFile; fileRef = DBF3FB3221C9FF0F00D01F21 /* Assets.xcassets */; };
		DBF3FB3621C9FF0F00D01F21 /* LaunchScreen.storyboard in Resources */ = {isa = PBXBuildFile; fileRef = DBF3FB3421C9FF0F00D01F21 /* LaunchScreen.storyboard */; };
		DBF3FB3E21CA006500D01F21 /* Extensions+UIView.swift in Sources */ = {isa = PBXBuildFile; fileRef = DBF3FB3D21CA006500D01F21 /* Extensions+UIView.swift */; };
		DBF3FB4221CB204500D01F21 /* HomeBottomControlsStackView.swift in Sources */ = {isa = PBXBuildFile; fileRef = DBF3FB4121CB204500D01F21 /* HomeBottomControlsStackView.swift */; };
		DBF3FB4421CB24AC00D01F21 /* TopNavigationStackView.swift in Sources */ = {isa = PBXBuildFile; fileRef = DBF3FB4321CB24AC00D01F21 /* TopNavigationStackView.swift */; };
		DBF3FB4621CB4BCF00D01F21 /* CardView.swift in Sources */ = {isa = PBXBuildFile; fileRef = DBF3FB4521CB4BCF00D01F21 /* CardView.swift */; };
/* End PBXBuildFile section */

/* Begin PBXFileReference section */
		DB0DEF9321F03EFC00FC7A18 /* Advertiser.swift */ = {isa = PBXFileReference; lastKnownFileType = sourcecode.swift; path = Advertiser.swift; sourceTree = "<group>"; };
		DB1676B321CE0F30007D5A15 /* User.swift */ = {isa = PBXFileReference; lastKnownFileType = sourcecode.swift; path = User.swift; sourceTree = "<group>"; };
		DB48EBBF21DDC6FD00C1B920 /* CardViewModel.swift */ = {isa = PBXFileReference; lastKnownFileType = sourcecode.swift; path = CardViewModel.swift; sourceTree = "<group>"; };
		DBF3FB2821C9FF0D00D01F21 /* SwipeMatch.app */ = {isa = PBXFileReference; explicitFileType = wrapper.application; includeInIndex = 0; path = SwipeMatch.app; sourceTree = BUILT_PRODUCTS_DIR; };
		DBF3FB2B21C9FF0D00D01F21 /* AppDelegate.swift */ = {isa = PBXFileReference; lastKnownFileType = sourcecode.swift; path = AppDelegate.swift; sourceTree = "<group>"; };
		DBF3FB2D21C9FF0D00D01F21 /* HomeController.swift */ = {isa = PBXFileReference; lastKnownFileType = sourcecode.swift; path = HomeController.swift; sourceTree = "<group>"; };
		DBF3FB3021C9FF0D00D01F21 /* Base */ = {isa = PBXFileReference; lastKnownFileType = file.storyboard; name = Base; path = Base.lproj/Main.storyboard; sourceTree = "<group>"; };
		DBF3FB3221C9FF0F00D01F21 /* Assets.xcassets */ = {isa = PBXFileReference; lastKnownFileType = folder.assetcatalog; path = Assets.xcassets; sourceTree = "<group>"; };
		DBF3FB3521C9FF0F00D01F21 /* Base */ = {isa = PBXFileReference; lastKnownFileType = file.storyboard; name = Base; path = Base.lproj/LaunchScreen.storyboard; sourceTree = "<group>"; };
		DBF3FB3721C9FF0F00D01F21 /* Info.plist */ = {isa = PBXFileReference; lastKnownFileType = text.plist.xml; path = Info.plist; sourceTree = "<group>"; };
		DBF3FB3D21CA006500D01F21 /* Extensions+UIView.swift */ = {isa = PBXFileReference; fileEncoding = 4; lastKnownFileType = sourcecode.swift; path = "Extensions+UIView.swift"; sourceTree = "<group>"; };
		DBF3FB4121CB204500D01F21 /* HomeBottomControlsStackView.swift */ = {isa = PBXFileReference; lastKnownFileType = sourcecode.swift; path = HomeBottomControlsStackView.swift; sourceTree = "<group>"; };
		DBF3FB4321CB24AC00D01F21 /* TopNavigationStackView.swift */ = {isa = PBXFileReference; lastKnownFileType = sourcecode.swift; path = TopNavigationStackView.swift; sourceTree = "<group>"; };
		DBF3FB4521CB4BCF00D01F21 /* CardView.swift */ = {isa = PBXFileReference; lastKnownFileType = sourcecode.swift; path = CardView.swift; sourceTree = "<group>"; };
/* End PBXFileReference section */

/* Begin PBXFrameworksBuildPhase section */
		DBF3FB2521C9FF0D00D01F21 /* Frameworks */ = {
			isa = PBXFrameworksBuildPhase;
			buildActionMask = 2147483647;
			files = (
			);
			runOnlyForDeploymentPostprocessing = 0;
		};
/* End PBXFrameworksBuildPhase section */

/* Begin PBXGroup section */
		DB1676B221CE0F24007D5A15 /* Model */ = {
			isa = PBXGroup;
			children = (
				DB1676B321CE0F30007D5A15 /* User.swift */,
				DB0DEF9321F03EFC00FC7A18 /* Advertiser.swift */,
			);
			path = Model;
			sourceTree = "<group>";
		};
		DB48EBBD21DDC64700C1B920 /* Controllers */ = {
			isa = PBXGroup;
			children = (
				DBF3FB2D21C9FF0D00D01F21 /* HomeController.swift */,
			);
			path = Controllers;
			sourceTree = "<group>";
		};
		DB48EBBE21DDC6CD00C1B920 /* ViewModels */ = {
			isa = PBXGroup;
			children = (
				DB48EBBF21DDC6FD00C1B920 /* CardViewModel.swift */,
			);
			path = ViewModels;
			sourceTree = "<group>";
		};
		DBF3FB1F21C9FF0D00D01F21 = {
			isa = PBXGroup;
			children = (
				DBF3FB2A21C9FF0D00D01F21 /* SwipeMatch */,
				DBF3FB2921C9FF0D00D01F21 /* Products */,
			);
			sourceTree = "<group>";
		};
		DBF3FB2921C9FF0D00D01F21 /* Products */ = {
			isa = PBXGroup;
			children = (
				DBF3FB2821C9FF0D00D01F21 /* SwipeMatch.app */,
			);
			name = Products;
			sourceTree = "<group>";
		};
		DBF3FB2A21C9FF0D00D01F21 /* SwipeMatch */ = {
			isa = PBXGroup;
			children = (
				DB48EBBE21DDC6CD00C1B920 /* ViewModels */,
				DB1676B221CE0F24007D5A15 /* Model */,
				DBF3FB4021CB201A00D01F21 /* Views */,
				DB48EBBD21DDC64700C1B920 /* Controllers */,
				DBF3FB3F21CA015A00D01F21 /* Extensions */,
				DBF3FB2B21C9FF0D00D01F21 /* AppDelegate.swift */,
				DBF3FB2F21C9FF0D00D01F21 /* Main.storyboard */,
				DBF3FB3221C9FF0F00D01F21 /* Assets.xcassets */,
				DBF3FB3421C9FF0F00D01F21 /* LaunchScreen.storyboard */,
				DBF3FB3721C9FF0F00D01F21 /* Info.plist */,
			);
			path = SwipeMatch;
			sourceTree = "<group>";
		};
		DBF3FB3F21CA015A00D01F21 /* Extensions */ = {
			isa = PBXGroup;
			children = (
				DBF3FB3D21CA006500D01F21 /* Extensions+UIView.swift */,
			);
			path = Extensions;
			sourceTree = "<group>";
		};
		DBF3FB4021CB201A00D01F21 /* Views */ = {
			isa = PBXGroup;
			children = (
				DBF3FB4121CB204500D01F21 /* HomeBottomControlsStackView.swift */,
				DBF3FB4321CB24AC00D01F21 /* TopNavigationStackView.swift */,
				DBF3FB4521CB4BCF00D01F21 /* CardView.swift */,
			);
			path = Views;
			sourceTree = "<group>";
		};
/* End PBXGroup section */

/* Begin PBXNativeTarget section */
		DBF3FB2721C9FF0D00D01F21 /* SwipeMatch */ = {
			isa = PBXNativeTarget;
			buildConfigurationList = DBF3FB3A21C9FF0F00D01F21 /* Build configuration list for PBXNativeTarget "SwipeMatch" */;
			buildPhases = (
				DBF3FB2421C9FF0D00D01F21 /* Sources */,
				DBF3FB2521C9FF0D00D01F21 /* Frameworks */,
				DBF3FB2621C9FF0D00D01F21 /* Resources */,
			);
			buildRules = (
			);
			dependencies = (
			);
			name = SwipeMatch;
			productName = SwipeMatch;
			productReference = DBF3FB2821C9FF0D00D01F21 /* SwipeMatch.app */;
			productType = "com.apple.product-type.application";
		};
/* End PBXNativeTarget section */

/* Begin PBXProject section */
		DBF3FB2021C9FF0D00D01F21 /* Project object */ = {
			isa = PBXProject;
			attributes = {
				LastSwiftUpdateCheck = 1010;
				LastUpgradeCheck = 1010;
				ORGANIZATIONNAME = "Weijie Lin";
				TargetAttributes = {
					DBF3FB2721C9FF0D00D01F21 = {
						CreatedOnToolsVersion = 10.1;
					};
				};
			};
			buildConfigurationList = DBF3FB2321C9FF0D00D01F21 /* Build configuration list for PBXProject "SwipeMatch" */;
			compatibilityVersion = "Xcode 9.3";
			developmentRegion = en;
			hasScannedForEncodings = 0;
			knownRegions = (
				en,
				Base,
			);
			mainGroup = DBF3FB1F21C9FF0D00D01F21;
			productRefGroup = DBF3FB2921C9FF0D00D01F21 /* Products */;
			projectDirPath = "";
			projectRoot = "";
			targets = (
				DBF3FB2721C9FF0D00D01F21 /* SwipeMatch */,
			);
		};
/* End PBXProject section */

/* Begin PBXResourcesBuildPhase section */
		DBF3FB2621C9FF0D00D01F21 /* Resources */ = {
			isa = PBXResourcesBuildPhase;
			buildActionMask = 2147483647;
			files = (
				DBF3FB3621C9FF0F00D01F21 /* LaunchScreen.storyboard in Resources */,
				DBF3FB3321C9FF0F00D01F21 /* Assets.xcassets in Resources */,
				DBF3FB3121C9FF0D00D01F21 /* Main.storyboard in Resources */,
			);
			runOnlyForDeploymentPostprocessing = 0;
		};
/* End PBXResourcesBuildPhase section */

/* Begin PBXSourcesBuildPhase section */
		DBF3FB2421C9FF0D00D01F21 /* Sources */ = {
			isa = PBXSourcesBuildPhase;
			buildActionMask = 2147483647;
			files = (
				DBF3FB2E21C9FF0D00D01F21 /* HomeController.swift in Sources */,
				DBF3FB4221CB204500D01F21 /* HomeBottomControlsStackView.swift in Sources */,
				DB0DEF9421F03EFC00FC7A18 /* Advertiser.swift in Sources */,
				DBF3FB2C21C9FF0D00D01F21 /* AppDelegate.swift in Sources */,
				DBF3FB3E21CA006500D01F21 /* Extensions+UIView.swift in Sources */,
				DB48EBC021DDC6FD00C1B920 /* CardViewModel.swift in Sources */,
				DBF3FB4621CB4BCF00D01F21 /* CardView.swift in Sources */,
				DBF3FB4421CB24AC00D01F21 /* TopNavigationStackView.swift in Sources */,
				DB1676B421CE0F30007D5A15 /* User.swift in Sources */,
			);
			runOnlyForDeploymentPostprocessing = 0;
		};
/* End PBXSourcesBuildPhase section */

/* Begin PBXVariantGroup section */
		DBF3FB2F21C9FF0D00D01F21 /* Main.storyboard */ = {
			isa = PBXVariantGroup;
			children = (
				DBF3FB3021C9FF0D00D01F21 /* Base */,
			);
			name = Main.storyboard;
			sourceTree = "<group>";
		};
		DBF3FB3421C9FF0F00D01F21 /* LaunchScreen.storyboard */ = {
			isa = PBXVariantGroup;
			children = (
				DBF3FB3521C9FF0F00D01F21 /* Base */,
			);
			name = LaunchScreen.storyboard;
			sourceTree = "<group>";
		};
/* End PBXVariantGroup section */

/* Begin XCBuildConfiguration section */
		DBF3FB3821C9FF0F00D01F21 /* Debug */ = {
			isa = XCBuildConfiguration;
			buildSettings = {
				ALWAYS_SEARCH_USER_PATHS = NO;
				CLANG_ANALYZER_NONNULL = YES;
				CLANG_ANALYZER_NUMBER_OBJECT_CONVERSION = YES_AGGRESSIVE;
				CLANG_CXX_LANGUAGE_STANDARD = "gnu++14";
				CLANG_CXX_LIBRARY = "libc++";
				CLANG_ENABLE_MODULES = YES;
				CLANG_ENABLE_OBJC_ARC = YES;
				CLANG_ENABLE_OBJC_WEAK = YES;
				CLANG_WARN_BLOCK_CAPTURE_AUTORELEASING = YES;
				CLANG_WARN_BOOL_CONVERSION = YES;
				CLANG_WARN_COMMA = YES;
				CLANG_WARN_CONSTANT_CONVERSION = YES;
				CLANG_WARN_DEPRECATED_OBJC_IMPLEMENTATIONS = YES;
				CLANG_WARN_DIRECT_OBJC_ISA_USAGE = YES_ERROR;
				CLANG_WARN_DOCUMENTATION_COMMENTS = YES;
				CLANG_WARN_EMPTY_BODY = YES;
				CLANG_WARN_ENUM_CONVERSION = YES;
				CLANG_WARN_INFINITE_RECURSION = YES;
				CLANG_WARN_INT_CONVERSION = YES;
				CLANG_WARN_NON_LITERAL_NULL_CONVERSION = YES;
				CLANG_WARN_OBJC_IMPLICIT_RETAIN_SELF = YES;
				CLANG_WARN_OBJC_LITERAL_CONVERSION = YES;
				CLANG_WARN_OBJC_ROOT_CLASS = YES_ERROR;
				CLANG_WARN_RANGE_LOOP_ANALYSIS = YES;
				CLANG_WARN_STRICT_PROTOTYPES = YES;
				CLANG_WARN_SUSPICIOUS_MOVE = YES;
				CLANG_WARN_UNGUARDED_AVAILABILITY = YES_AGGRESSIVE;
				CLANG_WARN_UNREACHABLE_CODE = YES;
				CLANG_WARN__DUPLICATE_METHOD_MATCH = YES;
				CODE_SIGN_IDENTITY = "iPhone Developer";
				COPY_PHASE_STRIP = NO;
				DEBUG_INFORMATION_FORMAT = dwarf;
				ENABLE_STRICT_OBJC_MSGSEND = YES;
				ENABLE_TESTABILITY = YES;
				GCC_C_LANGUAGE_STANDARD = gnu11;
				GCC_DYNAMIC_NO_PIC = NO;
				GCC_NO_COMMON_BLOCKS = YES;
				GCC_OPTIMIZATION_LEVEL = 0;
				GCC_PREPROCESSOR_DEFINITIONS = (
					"DEBUG=1",
					"$(inherited)",
				);
				GCC_WARN_64_TO_32_BIT_CONVERSION = YES;
				GCC_WARN_ABOUT_RETURN_TYPE = YES_ERROR;
				GCC_WARN_UNDECLARED_SELECTOR = YES;
				GCC_WARN_UNINITIALIZED_AUTOS = YES_AGGRESSIVE;
				GCC_WARN_UNUSED_FUNCTION = YES;
				GCC_WARN_UNUSED_VARIABLE = YES;
				IPHONEOS_DEPLOYMENT_TARGET = 12.1;
				MTL_ENABLE_DEBUG_INFO = INCLUDE_SOURCE;
				MTL_FAST_MATH = YES;
				ONLY_ACTIVE_ARCH = YES;
				SDKROOT = iphoneos;
				SWIFT_ACTIVE_COMPILATION_CONDITIONS = DEBUG;
				SWIFT_OPTIMIZATION_LEVEL = "-Onone";
			};
			name = Debug;
		};
		DBF3FB3921C9FF0F00D01F21 /* Release */ = {
			isa = XCBuildConfiguration;
			buildSettings = {
				ALWAYS_SEARCH_USER_PATHS = NO;
				CLANG_ANALYZER_NONNULL = YES;
				CLANG_ANALYZER_NUMBER_OBJECT_CONVERSION = YES_AGGRESSIVE;
				CLANG_CXX_LANGUAGE_STANDARD = "gnu++14";
				CLANG_CXX_LIBRARY = "libc++";
				CLANG_ENABLE_MODULES = YES;
				CLANG_ENABLE_OBJC_ARC = YES;
				CLANG_ENABLE_OBJC_WEAK = YES;
				CLANG_WARN_BLOCK_CAPTURE_AUTORELEASING = YES;
				CLANG_WARN_BOOL_CONVERSION = YES;
				CLANG_WARN_COMMA = YES;
				CLANG_WARN_CONSTANT_CONVERSION = YES;
				CLANG_WARN_DEPRECATED_OBJC_IMPLEMENTATIONS = YES;
				CLANG_WARN_DIRECT_OBJC_ISA_USAGE = YES_ERROR;
				CLANG_WARN_DOCUMENTATION_COMMENTS = YES;
				CLANG_WARN_EMPTY_BODY = YES;
				CLANG_WARN_ENUM_CONVERSION = YES;
				CLANG_WARN_INFINITE_RECURSION = YES;
				CLANG_WARN_INT_CONVERSION = YES;
				CLANG_WARN_NON_LITERAL_NULL_CONVERSION = YES;
				CLANG_WARN_OBJC_IMPLICIT_RETAIN_SELF = YES;
				CLANG_WARN_OBJC_LITERAL_CONVERSION = YES;
				CLANG_WARN_OBJC_ROOT_CLASS = YES_ERROR;
				CLANG_WARN_RANGE_LOOP_ANALYSIS = YES;
				CLANG_WARN_STRICT_PROTOTYPES = YES;
				CLANG_WARN_SUSPICIOUS_MOVE = YES;
				CLANG_WARN_UNGUARDED_AVAILABILITY = YES_AGGRESSIVE;
				CLANG_WARN_UNREACHABLE_CODE = YES;
				CLANG_WARN__DUPLICATE_METHOD_MATCH = YES;
				CODE_SIGN_IDENTITY = "iPhone Developer";
				COPY_PHASE_STRIP = NO;
				DEBUG_INFORMATION_FORMAT = "dwarf-with-dsym";
				ENABLE_NS_ASSERTIONS = NO;
				ENABLE_STRICT_OBJC_MSGSEND = YES;
				GCC_C_LANGUAGE_STANDARD = gnu11;
				GCC_NO_COMMON_BLOCKS = YES;
				GCC_WARN_64_TO_32_BIT_CONVERSION = YES;
				GCC_WARN_ABOUT_RETURN_TYPE = YES_ERROR;
				GCC_WARN_UNDECLARED_SELECTOR = YES;
				GCC_WARN_UNINITIALIZED_AUTOS = YES_AGGRESSIVE;
				GCC_WARN_UNUSED_FUNCTION = YES;
				GCC_WARN_UNUSED_VARIABLE = YES;
				IPHONEOS_DEPLOYMENT_TARGET = 12.1;
				MTL_ENABLE_DEBUG_INFO = NO;
				MTL_FAST_MATH = YES;
				SDKROOT = iphoneos;
				SWIFT_COMPILATION_MODE = wholemodule;
				SWIFT_OPTIMIZATION_LEVEL = "-O";
				VALIDATE_PRODUCT = YES;
			};
			name = Release;
		};
		DBF3FB3B21C9FF0F00D01F21 /* Debug */ = {
			isa = XCBuildConfiguration;
			buildSettings = {
				ASSETCATALOG_COMPILER_APPICON_NAME = AppIcon;
				CODE_SIGN_STYLE = Automatic;
				DEVELOPMENT_TEAM = ZPWDFT65EV;
				INFOPLIST_FILE = SwipeMatch/Info.plist;
				LD_RUNPATH_SEARCH_PATHS = (
					"$(inherited)",
					"@executable_path/Frameworks",
				);
				PRODUCT_BUNDLE_IDENTIFIER = me.weijielin.SwipeMatch;
				PRODUCT_NAME = "$(TARGET_NAME)";
				SWIFT_VERSION = 4.2;
				TARGETED_DEVICE_FAMILY = "1,2";
			};
			name = Debug;
		};
		DBF3FB3C21C9FF0F00D01F21 /* Release */ = {
			isa = XCBuildConfiguration;
			buildSettings = {
				ASSETCATALOG_COMPILER_APPICON_NAME = AppIcon;
				CODE_SIGN_STYLE = Automatic;
				DEVELOPMENT_TEAM = ZPWDFT65EV;
				INFOPLIST_FILE = SwipeMatch/Info.plist;
				LD_RUNPATH_SEARCH_PATHS = (
					"$(inherited)",
					"@executable_path/Frameworks",
				);
				PRODUCT_BUNDLE_IDENTIFIER = me.weijielin.SwipeMatch;
				PRODUCT_NAME = "$(TARGET_NAME)";
				SWIFT_VERSION = 4.2;
				TARGETED_DEVICE_FAMILY = "1,2";
			};
			name = Release;
		};
/* End XCBuildConfiguration section */

/* Begin XCConfigurationList section */
		DBF3FB2321C9FF0D00D01F21 /* Build configuration list for PBXProject "SwipeMatch" */ = {
			isa = XCConfigurationList;
			buildConfigurations = (
				DBF3FB3821C9FF0F00D01F21 /* Debug */,
				DBF3FB3921C9FF0F00D01F21 /* Release */,
			);
			defaultConfigurationIsVisible = 0;
			defaultConfigurationName = Release;
		};
		DBF3FB3A21C9FF0F00D01F21 /* Build configuration list for PBXNativeTarget "SwipeMatch" */ = {
			isa = XCConfigurationList;
			buildConfigurations = (
				DBF3FB3B21C9FF0F00D01F21 /* Debug */,
				DBF3FB3C21C9FF0F00D01F21 /* Release */,
			);
			defaultConfigurationIsVisible = 0;
			defaultConfigurationName = Release;
		};
/* End XCConfigurationList section */
	};
	rootObject = DBF3FB2021C9FF0D00D01F21 /* Project object */;
}
